
Microsoft Visual Studio Solution File, Format Version 12.00
# Visual Studio Version 17
VisualStudioVersion = 17.11.35222.181
MinimumVisualStudioVersion = 10.0.40219.1
Project("{FAE04EC0-301F-11D3-BF4B-00C04F79EFBC}") = "WebMVC", "WebMVC\WebMVC.csproj", "{BC27A19D-1EF3-4EBD-8878-7FD46F446238}"
EndProject
Project("{FAE04EC0-301F-11D3-BF4B-00C04F79EFBC}") = "WebMVC.Core", "WebMVC.Core\WebMVC.Core.csproj", "{47EB41C6-D672-4E08-8061-C077B8AC83D4}"
EndProject
Global
	GlobalSection(SolutionConfigurationPlatforms) = preSolution
		Debug|Any CPU = Debug|Any CPU
		Release|Any CPU = Release|Any CPU
	EndGlobalSection
	GlobalSection(ProjectConfigurationPlatforms) = postSolution
		{BC27A19D-1EF3-4EBD-8878-7FD46F446238}.Debug|Any CPU.ActiveCfg = Debug|Any CPU
		{BC27A19D-1EF3-4EBD-8878-7FD46F446238}.Debug|Any CPU.Build.0 = Debug|Any CPU
		{BC27A19D-1EF3-4EBD-8878-7FD46F446238}.Release|Any CPU.ActiveCfg = Release|Any CPU
		{BC27A19D-1EF3-4EBD-8878-7FD46F446238}.Release|Any CPU.Build.0 = Release|Any CPU
		{47EB41C6-D672-4E08-8061-C077B8AC83D4}.Debug|Any CPU.ActiveCfg = Debug|Any CPU
		{47EB41C6-D672-4E08-8061-C077B8AC83D4}.Debug|Any CPU.Build.0 = Debug|Any CPU
		{47EB41C6-D672-4E08-8061-C077B8AC83D4}.Release|Any CPU.ActiveCfg = Release|Any CPU
		{47EB41C6-D672-4E08-8061-C077B8AC83D4}.Release|Any CPU.Build.0 = Release|Any CPU
	EndGlobalSection
	GlobalSection(SolutionProperties) = preSolution
		HideSolutionNode = FALSE
	EndGlobalSection
	GlobalSection(ExtensibilityGlobals) = postSolution
		SolutionGuid = {CAB2A145-E67C-4516-8017-5555F15BD23F}
	EndGlobalSection
EndGlobal
