
Microsoft Visual Studio Solution File, Format Version 12.00
# Visual Studio Version 17
VisualStudioVersion = 17.11.35222.181
MinimumVisualStudioVersion = 10.0.40219.1
Project("{FAE04EC0-301F-11D3-BF4B-00C04F79EFBC}") = "Demo", "Demo\Demo.csproj", "{B7E18FDF-B144-40ED-91AA-11EED29EE1F7}"
EndProject
Global
	GlobalSection(SolutionConfigurationPlatforms) = preSolution
		Debug|Any CPU = Debug|Any CPU
		Release|Any CPU = Release|Any CPU
	EndGlobalSection
	GlobalSection(ProjectConfigurationPlatforms) = postSolution
		{B7E18FDF-B144-40ED-91AA-11EED29EE1F7}.Debug|Any CPU.ActiveCfg = Debug|Any CPU
		{B7E18FDF-B144-40ED-91AA-11EED29EE1F7}.Debug|Any CPU.Build.0 = Debug|Any CPU
		{B7E18FDF-B144-40ED-91AA-11EED29EE1F7}.Release|Any CPU.ActiveCfg = Release|Any CPU
		{B7E18FDF-B144-40ED-91AA-11EED29EE1F7}.Release|Any CPU.Build.0 = Release|Any CPU
	EndGlobalSection
	GlobalSection(SolutionProperties) = preSolution
		HideSolutionNode = FALSE
	EndGlobalSection
	GlobalSection(ExtensibilityGlobals) = postSolution
		SolutionGuid = {CAB2A145-E67C-4516-8017-5555F15BD23F}
	EndGlobalSection
EndGlobal
